
Microsoft Visual Studio Solution File, Format Version 12.00
# Visual Studio Version 17
VisualStudioVersion = 17.3.32929.385
MinimumVisualStudioVersion = 10.0.40219.1
Project("{FAE04EC0-301F-11D3-BF4B-00C04F79EFBC}") = "VisitorDP", "VisitorDP\VisitorDP.csproj", "{FD73A9BE-266A-45F1-951D-B892AB75C9B4}"
EndProject
Global
	GlobalSection(SolutionConfigurationPlatforms) = preSolution
		Debug|Any CPU = Debug|Any CPU
		Release|Any CPU = Release|Any CPU
	EndGlobalSection
	GlobalSection(ProjectConfigurationPlatforms) = postSolution
		{FD73A9BE-266A-45F1-951D-B892AB75C9B4}.Debug|Any CPU.ActiveCfg = Debug|Any CPU
		{FD73A9BE-266A-45F1-951D-B892AB75C9B4}.Debug|Any CPU.Build.0 = Debug|Any CPU
		{FD73A9BE-266A-45F1-951D-B892AB75C9B4}.Release|Any CPU.ActiveCfg = Release|Any CPU
		{FD73A9BE-266A-45F1-951D-B892AB75C9B4}.Release|Any CPU.Build.0 = Release|Any CPU
	EndGlobalSection
	GlobalSection(SolutionProperties) = preSolution
		HideSolutionNode = FALSE
	EndGlobalSection
	GlobalSection(ExtensibilityGlobals) = postSolution
		SolutionGuid = {AB2BA84A-8564-4646-817B-4F37EAF307D1}
	EndGlobalSection
EndGlobal
